
Microsoft Visual Studio Solution File, Format Version 12.00
# Visual Studio Version 16
VisualStudioVersion = 16.0.30406.217
MinimumVisualStudioVersion = 10.0.40219.1
Project("{FAE04EC0-301F-11D3-BF4B-00C04F79EFBC}") = "Hashtable_85", "Hashtable_85\Hashtable_85.csproj", "{510FC78B-5B86-41A9-B143-87BABE2821CF}"
EndProject
Global
	GlobalSection(SolutionConfigurationPlatforms) = preSolution
		Debug|Any CPU = Debug|Any CPU
		Release|Any CPU = Release|Any CPU
	EndGlobalSection
	GlobalSection(ProjectConfigurationPlatforms) = postSolution
		{510FC78B-5B86-41A9-B143-87BABE2821CF}.Debug|Any CPU.ActiveCfg = Debug|Any CPU
		{510FC78B-5B86-41A9-B143-87BABE2821CF}.Debug|Any CPU.Build.0 = Debug|Any CPU
		{510FC78B-5B86-41A9-B143-87BABE2821CF}.Release|Any CPU.ActiveCfg = Release|Any CPU
		{510FC78B-5B86-41A9-B143-87BABE2821CF}.Release|Any CPU.Build.0 = Release|Any CPU
	EndGlobalSection
	GlobalSection(SolutionProperties) = preSolution
		HideSolutionNode = FALSE
	EndGlobalSection
	GlobalSection(ExtensibilityGlobals) = postSolution
		SolutionGuid = {0E67F99C-024D-4735-B93A-D70CD2668AFE}
	EndGlobalSection
EndGlobal
